
Microsoft Visual Studio Solution File, Format Version 12.00
# Visual Studio Version 17
VisualStudioVersion = 17.2.32519.379
MinimumVisualStudioVersion = 10.0.40219.1
Project("{FAE04EC0-301F-11D3-BF4B-00C04F79EFBC}") = "Project04", "Project04\Project04.csproj", "{4FA002DD-6F37-4CEF-B7A3-8AAE387C94FF}"
EndProject
Global
	GlobalSection(SolutionConfigurationPlatforms) = preSolution
		Debug|Any CPU = Debug|Any CPU
		Release|Any CPU = Release|Any CPU
	EndGlobalSection
	GlobalSection(ProjectConfigurationPlatforms) = postSolution
		{4FA002DD-6F37-4CEF-B7A3-8AAE387C94FF}.Debug|Any CPU.ActiveCfg = Debug|Any CPU
		{4FA002DD-6F37-4CEF-B7A3-8AAE387C94FF}.Debug|Any CPU.Build.0 = Debug|Any CPU
		{4FA002DD-6F37-4CEF-B7A3-8AAE387C94FF}.Release|Any CPU.ActiveCfg = Release|Any CPU
		{4FA002DD-6F37-4CEF-B7A3-8AAE387C94FF}.Release|Any CPU.Build.0 = Release|Any CPU
	EndGlobalSection
	GlobalSection(SolutionProperties) = preSolution
		HideSolutionNode = FALSE
	EndGlobalSection
	GlobalSection(ExtensibilityGlobals) = postSolution
		SolutionGuid = {CD310C05-5B2D-4207-80C7-F90C300FFD99}
	EndGlobalSection
EndGlobal
